// !$*UTF8*$!
{
	archiveVersion = 1;
	classes = {
	};
	objectVersion = 46;
	objects = {

/* Begin PBXBuildFile section */
		952E85B31B06131700488435 /* DetailViewController.swift in Sources */ = {isa = PBXBuildFile; fileRef = 952E85B21B06131700488435 /* DetailViewController.swift */; };
		95E5FD261B01A275008B5251 /* AppDelegate.swift in Sources */ = {isa = PBXBuildFile; fileRef = 95E5FD251B01A275008B5251 /* AppDelegate.swift */; };
		95E5FD281B01A275008B5251 /* EditorViewController.swift in Sources */ = {isa = PBXBuildFile; fileRef = 95E5FD271B01A275008B5251 /* EditorViewController.swift */; };
		95E5FD2B1B01A275008B5251 /* Main.storyboard in Resources */ = {isa = PBXBuildFile; fileRef = 95E5FD291B01A275008B5251 /* Main.storyboard */; };
		95E5FD2D1B01A275008B5251 /* Images.xcassets in Resources */ = {isa = PBXBuildFile; fileRef = 95E5FD2C1B01A275008B5251 /* Images.xcassets */; };
		95E5FD301B01A275008B5251 /* LaunchScreen.xib in Resources */ = {isa = PBXBuildFile; fileRef = 95E5FD2E1B01A275008B5251 /* LaunchScreen.xib */; };
		95E5FD3C1B01A275008B5251 /* MemeMeTests.swift in Sources */ = {isa = PBXBuildFile; fileRef = 95E5FD3B1B01A275008B5251 /* MemeMeTests.swift */; };
		95E5FD461B01A80E008B5251 /* Meme.swift in Sources */ = {isa = PBXBuildFile; fileRef = 95E5FD451B01A80E008B5251 /* Meme.swift */; };
		95E5FD481B01F2C4008B5251 /* TableViewController.swift in Sources */ = {isa = PBXBuildFile; fileRef = 95E5FD471B01F2C4008B5251 /* TableViewController.swift */; };
		95E5FD4A1B01F816008B5251 /* CollectionViewController.swift in Sources */ = {isa = PBXBuildFile; fileRef = 95E5FD491B01F816008B5251 /* CollectionViewController.swift */; };
/* End PBXBuildFile section */

/* Begin PBXContainerItemProxy section */
		95E5FD361B01A275008B5251 /* PBXContainerItemProxy */ = {
			isa = PBXContainerItemProxy;
			containerPortal = 95E5FD181B01A275008B5251 /* Project object */;
			proxyType = 1;
			remoteGlobalIDString = 95E5FD1F1B01A275008B5251;
			remoteInfo = MemeMe;
		};
/* End PBXContainerItemProxy section */

/* Begin PBXFileReference section */
		952E85B21B06131700488435 /* DetailViewController.swift */ = {isa = PBXFileReference; fileEncoding = 4; lastKnownFileType = sourcecode.swift; path = DetailViewController.swift; sourceTree = "<group>"; };
		95E5FD201B01A275008B5251 /* MemeMe.app */ = {isa = PBXFileReference; explicitFileType = wrapper.application; includeInIndex = 0; path = MemeMe.app; sourceTree = BUILT_PRODUCTS_DIR; };
		95E5FD241B01A275008B5251 /* Info.plist */ = {isa = PBXFileReference; lastKnownFileType = text.plist.xml; path = Info.plist; sourceTree = "<group>"; };
		95E5FD251B01A275008B5251 /* AppDelegate.swift */ = {isa = PBXFileReference; lastKnownFileType = sourcecode.swift; path = AppDelegate.swift; sourceTree = "<group>"; };
		95E5FD271B01A275008B5251 /* EditorViewController.swift */ = {isa = PBXFileReference; lastKnownFileType = sourcecode.swift; path = EditorViewController.swift; sourceTree = "<group>"; };
		95E5FD2A1B01A275008B5251 /* Base */ = {isa = PBXFileReference; lastKnownFileType = file.storyboard; name = Base; path = Base.lproj/Main.storyboard; sourceTree = "<group>"; };
		95E5FD2C1B01A275008B5251 /* Images.xcassets */ = {isa = PBXFileReference; lastKnownFileType = folder.assetcatalog; path = Images.xcassets; sourceTree = "<group>"; };
		95E5FD2F1B01A275008B5251 /* Base */ = {isa = PBXFileReference; lastKnownFileType = file.xib; name = Base; path = Base.lproj/LaunchScreen.xib; sourceTree = "<group>"; };
		95E5FD351B01A275008B5251 /* MemeMeTests.xctest */ = {isa = PBXFileReference; explicitFileType = wrapper.cfbundle; includeInIndex = 0; path = MemeMeTests.xctest; sourceTree = BUILT_PRODUCTS_DIR; };
		95E5FD3A1B01A275008B5251 /* Info.plist */ = {isa = PBXFileReference; lastKnownFileType = text.plist.xml; path = Info.plist; sourceTree = "<group>"; };
		95E5FD3B1B01A275008B5251 /* MemeMeTests.swift */ = {isa = PBXFileReference; lastKnownFileType = sourcecode.swift; path = MemeMeTests.swift; sourceTree = "<group>"; };
		95E5FD451B01A80E008B5251 /* Meme.swift */ = {isa = PBXFileReference; fileEncoding = 4; lastKnownFileType = sourcecode.swift; path = Meme.swift; sourceTree = "<group>"; };
		95E5FD471B01F2C4008B5251 /* TableViewController.swift */ = {isa = PBXFileReference; fileEncoding = 4; lastKnownFileType = sourcecode.swift; path = TableViewController.swift; sourceTree = "<group>"; };
		95E5FD491B01F816008B5251 /* CollectionViewController.swift */ = {isa = PBXFileReference; fileEncoding = 4; lastKnownFileType = sourcecode.swift; path = CollectionViewController.swift; sourceTree = "<group>"; };
/* End PBXFileReference section */

/* Begin PBXFrameworksBuildPhase section */
		95E5FD1D1B01A275008B5251 /* Frameworks */ = {
			isa = PBXFrameworksBuildPhase;
			buildActionMask = 2147483647;
			files = (
			);
			runOnlyForDeploymentPostprocessing = 0;
		};
		95E5FD321B01A275008B5251 /* Frameworks */ = {
			isa = PBXFrameworksBuildPhase;
			buildActionMask = 2147483647;
			files = (
			);
			runOnlyForDeploymentPostprocessing = 0;
		};
/* End PBXFrameworksBuildPhase section */

/* Begin PBXGroup section */
		95E5FD171B01A275008B5251 = {
			isa = PBXGroup;
			children = (
				95E5FD221B01A275008B5251 /* MemeMe */,
				95E5FD381B01A275008B5251 /* MemeMeTests */,
				95E5FD211B01A275008B5251 /* Products */,
			);
			sourceTree = "<group>";
		};
		95E5FD211B01A275008B5251 /* Products */ = {
			isa = PBXGroup;
			children = (
				95E5FD201B01A275008B5251 /* MemeMe.app */,
				95E5FD351B01A275008B5251 /* MemeMeTests.xctest */,
			);
			name = Products;
			sourceTree = "<group>";
		};
		95E5FD221B01A275008B5251 /* MemeMe */ = {
			isa = PBXGroup;
			children = (
				95E5FD251B01A275008B5251 /* AppDelegate.swift */,
				95E5FD271B01A275008B5251 /* EditorViewController.swift */,
				95E5FD471B01F2C4008B5251 /* TableViewController.swift */,
				95E5FD491B01F816008B5251 /* CollectionViewController.swift */,
				952E85B21B06131700488435 /* DetailViewController.swift */,
				95E5FD451B01A80E008B5251 /* Meme.swift */,
				95E5FD291B01A275008B5251 /* Main.storyboard */,
				95E5FD2C1B01A275008B5251 /* Images.xcassets */,
				95E5FD2E1B01A275008B5251 /* LaunchScreen.xib */,
				95E5FD231B01A275008B5251 /* Supporting Files */,
			);
			path = MemeMe;
			sourceTree = "<group>";
		};
		95E5FD231B01A275008B5251 /* Supporting Files */ = {
			isa = PBXGroup;
			children = (
				95E5FD241B01A275008B5251 /* Info.plist */,
			);
			name = "Supporting Files";
			sourceTree = "<group>";
		};
		95E5FD381B01A275008B5251 /* MemeMeTests */ = {
			isa = PBXGroup;
			children = (
				95E5FD3B1B01A275008B5251 /* MemeMeTests.swift */,
				95E5FD391B01A275008B5251 /* Supporting Files */,
			);
			path = MemeMeTests;
			sourceTree = "<group>";
		};
		95E5FD391B01A275008B5251 /* Supporting Files */ = {
			isa = PBXGroup;
			children = (
				95E5FD3A1B01A275008B5251 /* Info.plist */,
			);
			name = "Supporting Files";
			sourceTree = "<group>";
		};
/* End PBXGroup section */

/* Begin PBXNativeTarget section */
		95E5FD1F1B01A275008B5251 /* MemeMe */ = {
			isa = PBXNativeTarget;
			buildConfigurationList = 95E5FD3F1B01A275008B5251 /* Build configuration list for PBXNativeTarget "MemeMe" */;
			buildPhases = (
				95E5FD1C1B01A275008B5251 /* Sources */,
				95E5FD1D1B01A275008B5251 /* Frameworks */,
				95E5FD1E1B01A275008B5251 /* Resources */,
			);
			buildRules = (
			);
			dependencies = (
			);
			name = MemeMe;
			productName = MemeMe;
			productReference = 95E5FD201B01A275008B5251 /* MemeMe.app */;
			productType = "com.apple.product-type.application";
		};
		95E5FD341B01A275008B5251 /* MemeMeTests */ = {
			isa = PBXNativeTarget;
			buildConfigurationList = 95E5FD421B01A275008B5251 /* Build configuration list for PBXNativeTarget "MemeMeTests" */;
			buildPhases = (
				95E5FD311B01A275008B5251 /* Sources */,
				95E5FD321B01A275008B5251 /* Frameworks */,
				95E5FD331B01A275008B5251 /* Resources */,
			);
			buildRules = (
			);
			dependencies = (
				95E5FD371B01A275008B5251 /* PBXTargetDependency */,
			);
			name = MemeMeTests;
			productName = MemeMeTests;
			productReference = 95E5FD351B01A275008B5251 /* MemeMeTests.xctest */;
			productType = "com.apple.product-type.bundle.unit-test";
		};
/* End PBXNativeTarget section */

/* Begin PBXProject section */
		95E5FD181B01A275008B5251 /* Project object */ = {
			isa = PBXProject;
			attributes = {
				LastUpgradeCheck = 0630;
				ORGANIZATIONNAME = gLabs;
				TargetAttributes = {
					95E5FD1F1B01A275008B5251 = {
						CreatedOnToolsVersion = 6.3.1;
					};
					95E5FD341B01A275008B5251 = {
						CreatedOnToolsVersion = 6.3.1;
						TestTargetID = 95E5FD1F1B01A275008B5251;
					};
				};
			};
			buildConfigurationList = 95E5FD1B1B01A275008B5251 /* Build configuration list for PBXProject "MemeMe" */;
			compatibilityVersion = "Xcode 3.2";
			developmentRegion = English;
			hasScannedForEncodings = 0;
			knownRegions = (
				en,
				Base,
			);
			mainGroup = 95E5FD171B01A275008B5251;
			productRefGroup = 95E5FD211B01A275008B5251 /* Products */;
			projectDirPath = "";
			projectRoot = "";
			targets = (
				95E5FD1F1B01A275008B5251 /* MemeMe */,
				95E5FD341B01A275008B5251 /* MemeMeTests */,
			);
		};
/* End PBXProject section */

/* Begin PBXResourcesBuildPhase section */
		95E5FD1E1B01A275008B5251 /* Resources */ = {
			isa = PBXResourcesBuildPhase;
			buildActionMask = 2147483647;
			files = (
				95E5FD2B1B01A275008B5251 /* Main.storyboard in Resources */,
				95E5FD301B01A275008B5251 /* LaunchScreen.xib in Resources */,
				95E5FD2D1B01A275008B5251 /* Images.xcassets in Resources */,
			);
			runOnlyForDeploymentPostprocessing = 0;
		};
		95E5FD331B01A275008B5251 /* Resources */ = {
			isa = PBXResourcesBuildPhase;
			buildActionMask = 2147483647;
			files = (
			);
			runOnlyForDeploymentPostprocessing = 0;
		};
/* End PBXResourcesBuildPhase section */

/* Begin PBXSourcesBuildPhase section */
		95E5FD1C1B01A275008B5251 /* Sources */ = {
			isa = PBXSourcesBuildPhase;
			buildActionMask = 2147483647;
			files = (
				95E5FD461B01A80E008B5251 /* Meme.swift in Sources */,
				95E5FD281B01A275008B5251 /* EditorViewController.swift in Sources */,
				95E5FD261B01A275008B5251 /* AppDelegate.swift in Sources */,
				952E85B31B06131700488435 /* DetailViewController.swift in Sources */,
				95E5FD481B01F2C4008B5251 /* TableViewController.swift in Sources */,
				95E5FD4A1B01F816008B5251 /* CollectionViewController.swift in Sources */,
			);
			runOnlyForDeploymentPostprocessing = 0;
		};
		95E5FD311B01A275008B5251 /* Sources */ = {
			isa = PBXSourcesBuildPhase;
			buildActionMask = 2147483647;
			files = (
				95E5FD3C1B01A275008B5251 /* MemeMeTests.swift in Sources */,
			);
			runOnlyForDeploymentPostprocessing = 0;
		};
/* End PBXSourcesBuildPhase section */

/* Begin PBXTargetDependency section */
		95E5FD371B01A275008B5251 /* PBXTargetDependency */ = {
			isa = PBXTargetDependency;
			target = 95E5FD1F1B01A275008B5251 /* MemeMe */;
			targetProxy = 95E5FD361B01A275008B5251 /* PBXContainerItemProxy */;
		};
/* End PBXTargetDependency section */

/* Begin PBXVariantGroup section */
		95E5FD291B01A275008B5251 /* Main.storyboard */ = {
			isa = PBXVariantGroup;
			children = (
				95E5FD2A1B01A275008B5251 /* Base */,
			);
			name = Main.storyboard;
			sourceTree = "<group>";
		};
		95E5FD2E1B01A275008B5251 /* LaunchScreen.xib */ = {
			isa = PBXVariantGroup;
			children = (
				95E5FD2F1B01A275008B5251 /* Base */,
			);
			name = LaunchScreen.xib;
			sourceTree = "<group>";
		};
/* End PBXVariantGroup section */

/* Begin XCBuildConfiguration section */
		95E5FD3D1B01A275008B5251 /* Debug */ = {
			isa = XCBuildConfiguration;
			buildSettings = {
				ALWAYS_SEARCH_USER_PATHS = NO;
				CLANG_CXX_LANGUAGE_STANDARD = "gnu++0x";
				CLANG_CXX_LIBRARY = "libc++";
				CLANG_ENABLE_MODULES = YES;
				CLANG_ENABLE_OBJC_ARC = YES;
				CLANG_WARN_BOOL_CONVERSION = YES;
				CLANG_WARN_CONSTANT_CONVERSION = YES;
				CLANG_WARN_DIRECT_OBJC_ISA_USAGE = YES_ERROR;
				CLANG_WARN_EMPTY_BODY = YES;
				CLANG_WARN_ENUM_CONVERSION = YES;
				CLANG_WARN_INT_CONVERSION = YES;
				CLANG_WARN_OBJC_ROOT_CLASS = YES_ERROR;
				CLANG_WARN_UNREACHABLE_CODE = YES;
				CLANG_WARN__DUPLICATE_METHOD_MATCH = YES;
				"CODE_SIGN_IDENTITY[sdk=iphoneos*]" = "iPhone Developer";
				COPY_PHASE_STRIP = NO;
				DEBUG_INFORMATION_FORMAT = "dwarf-with-dsym";
				ENABLE_STRICT_OBJC_MSGSEND = YES;
				GCC_C_LANGUAGE_STANDARD = gnu99;
				GCC_DYNAMIC_NO_PIC = NO;
				GCC_NO_COMMON_BLOCKS = YES;
				GCC_OPTIMIZATION_LEVEL = 0;
				GCC_PREPROCESSOR_DEFINITIONS = (
					"DEBUG=1",
					"$(inherited)",
				);
				GCC_SYMBOLS_PRIVATE_EXTERN = NO;
				GCC_WARN_64_TO_32_BIT_CONVERSION = YES;
				GCC_WARN_ABOUT_RETURN_TYPE = YES_ERROR;
				GCC_WARN_UNDECLARED_SELECTOR = YES;
				GCC_WARN_UNINITIALIZED_AUTOS = YES_AGGRESSIVE;
				GCC_WARN_UNUSED_FUNCTION = YES;
				GCC_WARN_UNUSED_VARIABLE = YES;
				IPHONEOS_DEPLOYMENT_TARGET = 8.3;
				MTL_ENABLE_DEBUG_INFO = YES;
				ONLY_ACTIVE_ARCH = YES;
				SDKROOT = iphoneos;
				SWIFT_OPTIMIZATION_LEVEL = "-Onone";
			};
			name = Debug;
		};
		95E5FD3E1B01A275008B5251 /* Release */ = {
			isa = XCBuildConfiguration;
			buildSettings = {
				ALWAYS_SEARCH_USER_PATHS = NO;
				CLANG_CXX_LANGUAGE_STANDARD = "gnu++0x";
				CLANG_CXX_LIBRARY = "libc++";
				CLANG_ENABLE_MODULES = YES;
				CLANG_ENABLE_OBJC_ARC = YES;
				CLANG_WARN_BOOL_CONVERSION = YES;
				CLANG_WARN_CONSTANT_CONVERSION = YES;
				CLANG_WARN_DIRECT_OBJC_ISA_USAGE = YES_ERROR;
				CLANG_WARN_EMPTY_BODY = YES;
				CLANG_WARN_ENUM_CONVERSION = YES;
				CLANG_WARN_INT_CONVERSION = YES;
				CLANG_WARN_OBJC_ROOT_CLASS = YES_ERROR;
				CLANG_WARN_UNREACHABLE_CODE = YES;
				CLANG_WARN__DUPLICATE_METHOD_MATCH = YES;
				"CODE_SIGN_IDENTITY[sdk=iphoneos*]" = "iPhone Developer";
				COPY_PHASE_STRIP = NO;
				DEBUG_INFORMATION_FORMAT = "dwarf-with-dsym";
				ENABLE_NS_ASSERTIONS = NO;
				ENABLE_STRICT_OBJC_MSGSEND = YES;
				GCC_C_LANGUAGE_STANDARD = gnu99;
				GCC_NO_COMMON_BLOCKS = YES;
				GCC_WARN_64_TO_32_BIT_CONVERSION = YES;
				GCC_WARN_ABOUT_RETURN_TYPE = YES_ERROR;
				GCC_WARN_UNDECLARED_SELECTOR = YES;
				GCC_WARN_UNINITIALIZED_AUTOS = YES_AGGRESSIVE;
				GCC_WARN_UNUSED_FUNCTION = YES;
				GCC_WARN_UNUSED_VARIABLE = YES;
				IPHONEOS_DEPLOYMENT_TARGET = 8.3;
				MTL_ENABLE_DEBUG_INFO = NO;
				SDKROOT = iphoneos;
				VALIDATE_PRODUCT = YES;
			};
			name = Release;
		};
		95E5FD401B01A275008B5251 /* Debug */ = {
			isa = XCBuildConfiguration;
			buildSettings = {
				ASSETCATALOG_COMPILER_APPICON_NAME = AppIcon;
				INFOPLIST_FILE = MemeMe/Info.plist;
				LD_RUNPATH_SEARCH_PATHS = "$(inherited) @executable_path/Frameworks";
				PRODUCT_NAME = "$(TARGET_NAME)";
			};
			name = Debug;
		};
		95E5FD411B01A275008B5251 /* Release */ = {
			isa = XCBuildConfiguration;
			buildSettings = {
				ASSETCATALOG_COMPILER_APPICON_NAME = AppIcon;
				INFOPLIST_FILE = MemeMe/Info.plist;
				LD_RUNPATH_SEARCH_PATHS = "$(inherited) @executable_path/Frameworks";
				PRODUCT_NAME = "$(TARGET_NAME)";
			};
			name = Release;
		};
		95E5FD431B01A275008B5251 /* Debug */ = {
			isa = XCBuildConfiguration;
			buildSettings = {
				BUNDLE_LOADER = "$(TEST_HOST)";
				FRAMEWORK_SEARCH_PATHS = (
					"$(SDKROOT)/Developer/Library/Frameworks",
					"$(inherited)",
				);
				GCC_PREPROCESSOR_DEFINITIONS = (
					"DEBUG=1",
					"$(inherited)",
				);
				INFOPLIST_FILE = MemeMeTests/Info.plist;
				LD_RUNPATH_SEARCH_PATHS = "$(inherited) @executable_path/Frameworks @loader_path/Frameworks";
				PRODUCT_NAME = "$(TARGET_NAME)";
				TEST_HOST = "$(BUILT_PRODUCTS_DIR)/MemeMe.app/MemeMe";
			};
			name = Debug;
		};
		95E5FD441B01A275008B5251 /* Release */ = {
			isa = XCBuildConfiguration;
			buildSettings = {
				BUNDLE_LOADER = "$(TEST_HOST)";
				FRAMEWORK_SEARCH_PATHS = (
					"$(SDKROOT)/Developer/Library/Frameworks",
					"$(inherited)",
				);
				INFOPLIST_FILE = MemeMeTests/Info.plist;
				LD_RUNPATH_SEARCH_PATHS = "$(inherited) @executable_path/Frameworks @loader_path/Frameworks";
				PRODUCT_NAME = "$(TARGET_NAME)";
				TEST_HOST = "$(BUILT_PRODUCTS_DIR)/MemeMe.app/MemeMe";
			};
			name = Release;
		};
/* End XCBuildConfiguration section */

/* Begin XCConfigurationList section */
		95E5FD1B1B01A275008B5251 /* Build configuration list for PBXProject "MemeMe" */ = {
			isa = XCConfigurationList;
			buildConfigurations = (
				95E5FD3D1B01A275008B5251 /* Debug */,
				95E5FD3E1B01A275008B5251 /* Release */,
			);
			defaultConfigurationIsVisible = 0;
			defaultConfigurationName = Release;
		};
		95E5FD3F1B01A275008B5251 /* Build configuration list for PBXNativeTarget "MemeMe" */ = {
			isa = XCConfigurationList;
			buildConfigurations = (
				95E5FD401B01A275008B5251 /* Debug */,
				95E5FD411B01A275008B5251 /* Release */,
			);
			defaultConfigurationIsVisible = 0;
			defaultConfigurationName = Release;
		};
		95E5FD421B01A275008B5251 /* Build configuration list for PBXNativeTarget "MemeMeTests" */ = {
			isa = XCConfigurationList;
			buildConfigurations = (
				95E5FD431B01A275008B5251 /* Debug */,
				95E5FD441B01A275008B5251 /* Release */,
			);
			defaultConfigurationIsVisible = 0;
			defaultConfigurationName = Release;
		};
/* End XCConfigurationList section */
	};
	rootObject = 95E5FD181B01A275008B5251 /* Project object */;
}
